schema: '2.0'
stages:
  prepare:
    cmd: python get_data.py
    deps:
    - path: get_data.py
      md5: 976a6a060f2508ac438765c0c4e7ebb8
      size: 586
    outs:
    - path: data/test_features.csv
      md5: 1c8a8aa0eeae24cba5300ee0723ca768
      size: 127751
    - path: data/test_labels.csv
      md5: 04b0f79abf6c578f428ca472e5349ad9
      size: 6500
    - path: data/train_features.csv
      md5: 99881159d1ae5c220193bf9cef69321e
      size: 383206
    - path: data/train_labels.csv
      md5: 3ed0f0b46481d277081f3aa752206b99
      size: 19500
  train:
    cmd: python train.py
    deps:
    - path: data/test_features.csv
      md5: 1c8a8aa0eeae24cba5300ee0723ca768
      size: 127751
    - path: data/test_labels.csv
      md5: 04b0f79abf6c578f428ca472e5349ad9
      size: 6500
    - path: data/train_features.csv
      md5: 99881159d1ae5c220193bf9cef69321e
      size: 383206
    - path: data/train_labels.csv
      md5: 3ed0f0b46481d277081f3aa752206b99
      size: 19500
    - path: train.py
      md5: ce43ee3ed4853aee643ba6287bc2ef58
      size: 841
    outs:
    - path: metrics.txt
      md5: 7778295411db7a4c764f1b48b08ac1cd
      size: 16
    - path: model.joblib
      md5: 028957934b2cfc87715638aac26042ad
      size: 834336
